// !$*UTF8*$!
{
	archiveVersion = 1;
	classes = {
	};
	objectVersion = 46;
	objects = {

/* Begin PBXBuildFile section */
		CB830A021F8CB0CC00647747 /* AppDelegate.swift in Sources */ = {isa = PBXBuildFile; fileRef = CB830A011F8CB0CC00647747 /* AppDelegate.swift */; };
		CB830A041F8CB0CC00647747 /* ViewController.swift in Sources */ = {isa = PBXBuildFile; fileRef = CB830A031F8CB0CC00647747 /* ViewController.swift */; };
		CB830A071F8CB0CC00647747 /* Main.storyboard in Resources */ = {isa = PBXBuildFile; fileRef = CB830A051F8CB0CC00647747 /* Main.storyboard */; };
		CB830A091F8CB0CC00647747 /* Assets.xcassets in Resources */ = {isa = PBXBuildFile; fileRef = CB830A081F8CB0CC00647747 /* Assets.xcassets */; };
		CB830A0C1F8CB0CC00647747 /* LaunchScreen.storyboard in Resources */ = {isa = PBXBuildFile; fileRef = CB830A0A1F8CB0CC00647747 /* LaunchScreen.storyboard */; };
/* End PBXBuildFile section */

/* Begin PBXFileReference section */
		CB8309FE1F8CB0CC00647747 /* 艾特处理.app */ = {isa = PBXFileReference; explicitFileType = wrapper.application; includeInIndex = 0; path = "艾特处理.app"; sourceTree = BUILT_PRODUCTS_DIR; };
		CB830A011F8CB0CC00647747 /* AppDelegate.swift */ = {isa = PBXFileReference; lastKnownFileType = sourcecode.swift; path = AppDelegate.swift; sourceTree = "<group>"; };
		CB830A031F8CB0CC00647747 /* ViewController.swift */ = {isa = PBXFileReference; lastKnownFileType = sourcecode.swift; path = ViewController.swift; sourceTree = "<group>"; };
		CB830A061F8CB0CC00647747 /* Base */ = {isa = PBXFileReference; lastKnownFileType = file.storyboard; name = Base; path = Base.lproj/Main.storyboard; sourceTree = "<group>"; };
		CB830A081F8CB0CC00647747 /* Assets.xcassets */ = {isa = PBXFileReference; lastKnownFileType = folder.assetcatalog; path = Assets.xcassets; sourceTree = "<group>"; };
		CB830A0B1F8CB0CC00647747 /* Base */ = {isa = PBXFileReference; lastKnownFileType = file.storyboard; name = Base; path = Base.lproj/LaunchScreen.storyboard; sourceTree = "<group>"; };
		CB830A0D1F8CB0CC00647747 /* Info.plist */ = {isa = PBXFileReference; lastKnownFileType = text.plist.xml; path = Info.plist; sourceTree = "<group>"; };
/* End PBXFileReference section */

/* Begin PBXFrameworksBuildPhase section */
		CB8309FB1F8CB0CC00647747 /* Frameworks */ = {
			isa = PBXFrameworksBuildPhase;
			buildActionMask = 2147483647;
			files = (
			);
			runOnlyForDeploymentPostprocessing = 0;
		};
/* End PBXFrameworksBuildPhase section */

/* Begin PBXGroup section */
		CB8309F51F8CB0CC00647747 = {
			isa = PBXGroup;
			children = (
				CB830A001F8CB0CC00647747 /* 艾特处理 */,
				CB8309FF1F8CB0CC00647747 /* Products */,
			);
			sourceTree = "<group>";
		};
		CB8309FF1F8CB0CC00647747 /* Products */ = {
			isa = PBXGroup;
			children = (
				CB8309FE1F8CB0CC00647747 /* 艾特处理.app */,
			);
			name = Products;
			sourceTree = "<group>";
		};
		CB830A001F8CB0CC00647747 /* 艾特处理 */ = {
			isa = PBXGroup;
			children = (
				CB830A011F8CB0CC00647747 /* AppDelegate.swift */,
				CB830A031F8CB0CC00647747 /* ViewController.swift */,
				CB830A051F8CB0CC00647747 /* Main.storyboard */,
				CB830A081F8CB0CC00647747 /* Assets.xcassets */,
				CB830A0A1F8CB0CC00647747 /* LaunchScreen.storyboard */,
				CB830A0D1F8CB0CC00647747 /* Info.plist */,
			);
			path = "艾特处理";
			sourceTree = "<group>";
		};
/* End PBXGroup section */

/* Begin PBXNativeTarget section */
		CB8309FD1F8CB0CC00647747 /* 艾特处理 */ = {
			isa = PBXNativeTarget;
			buildConfigurationList = CB830A101F8CB0CC00647747 /* Build configuration list for PBXNativeTarget "艾特处理" */;
			buildPhases = (
				CB8309FA1F8CB0CC00647747 /* Sources */,
				CB8309FB1F8CB0CC00647747 /* Frameworks */,
				CB8309FC1F8CB0CC00647747 /* Resources */,
			);
			buildRules = (
			);
			dependencies = (
			);
			name = "艾特处理";
			productName = "艾特处理";
			productReference = CB8309FE1F8CB0CC00647747 /* 艾特处理.app */;
			productType = "com.apple.product-type.application";
		};
/* End PBXNativeTarget section */

/* Begin PBXProject section */
		CB8309F61F8CB0CC00647747 /* Project object */ = {
			isa = PBXProject;
			attributes = {
				LastSwiftUpdateCheck = 0830;
				LastUpgradeCheck = 0830;
				ORGANIZATIONNAME = Karl;
				TargetAttributes = {
					CB8309FD1F8CB0CC00647747 = {
						CreatedOnToolsVersion = 8.3.3;
						ProvisioningStyle = Automatic;
					};
				};
			};
			buildConfigurationList = CB8309F91F8CB0CC00647747 /* Build configuration list for PBXProject "艾特处理" */;
			compatibilityVersion = "Xcode 3.2";
			developmentRegion = English;
			hasScannedForEncodings = 0;
			knownRegions = (
				en,
				Base,
			);
			mainGroup = CB8309F51F8CB0CC00647747;
			productRefGroup = CB8309FF1F8CB0CC00647747 /* Products */;
			projectDirPath = "";
			projectRoot = "";
			targets = (
				CB8309FD1F8CB0CC00647747 /* 艾特处理 */,
			);
		};
/* End PBXProject section */

/* Begin PBXResourcesBuildPhase section */
		CB8309FC1F8CB0CC00647747 /* Resources */ = {
			isa = PBXResourcesBuildPhase;
			buildActionMask = 2147483647;
			files = (
				CB830A0C1F8CB0CC00647747 /* LaunchScreen.storyboard in Resources */,
				CB830A091F8CB0CC00647747 /* Assets.xcassets in Resources */,
				CB830A071F8CB0CC00647747 /* Main.storyboard in Resources */,
			);
			runOnlyForDeploymentPostprocessing = 0;
		};
/* End PBXResourcesBuildPhase section */

/* Begin PBXSourcesBuildPhase section */
		CB8309FA1F8CB0CC00647747 /* Sources */ = {
			isa = PBXSourcesBuildPhase;
			buildActionMask = 2147483647;
			files = (
				CB830A041F8CB0CC00647747 /* ViewController.swift in Sources */,
				CB830A021F8CB0CC00647747 /* AppDelegate.swift in Sources */,
			);
			runOnlyForDeploymentPostprocessing = 0;
		};
/* End PBXSourcesBuildPhase section */

/* Begin PBXVariantGroup section */
		CB830A051F8CB0CC00647747 /* Main.storyboard */ = {
			isa = PBXVariantGroup;
			children = (
				CB830A061F8CB0CC00647747 /* Base */,
			);
			name = Main.storyboard;
			sourceTree = "<group>";
		};
		CB830A0A1F8CB0CC00647747 /* LaunchScreen.storyboard */ = {
			isa = PBXVariantGroup;
			children = (
				CB830A0B1F8CB0CC00647747 /* Base */,
			);
			name = LaunchScreen.storyboard;
			sourceTree = "<group>";
		};
/* End PBXVariantGroup section */

/* Begin XCBuildConfiguration section */
		CB830A0E1F8CB0CC00647747 /* Debug */ = {
			isa = XCBuildConfiguration;
			buildSettings = {
				ALWAYS_SEARCH_USER_PATHS = NO;
				CLANG_ANALYZER_NONNULL = YES;
				CLANG_ANALYZER_NUMBER_OBJECT_CONVERSION = YES_AGGRESSIVE;
				CLANG_CXX_LANGUAGE_STANDARD = "gnu++0x";
				CLANG_CXX_LIBRARY = "libc++";
				CLANG_ENABLE_MODULES = YES;
				CLANG_ENABLE_OBJC_ARC = YES;
				CLANG_WARN_BOOL_CONVERSION = YES;
				CLANG_WARN_CONSTANT_CONVERSION = YES;
				CLANG_WARN_DIRECT_OBJC_ISA_USAGE = YES_ERROR;
				CLANG_WARN_DOCUMENTATION_COMMENTS = YES;
				CLANG_WARN_EMPTY_BODY = YES;
				CLANG_WARN_ENUM_CONVERSION = YES;
				CLANG_WARN_INFINITE_RECURSION = YES;
				CLANG_WARN_INT_CONVERSION = YES;
				CLANG_WARN_OBJC_ROOT_CLASS = YES_ERROR;
				CLANG_WARN_SUSPICIOUS_MOVE = YES;
				CLANG_WARN_UNREACHABLE_CODE = YES;
				CLANG_WARN__DUPLICATE_METHOD_MATCH = YES;
				"CODE_SIGN_IDENTITY[sdk=iphoneos*]" = "iPhone Developer";
				COPY_PHASE_STRIP = NO;
				DEBUG_INFORMATION_FORMAT = dwarf;
				ENABLE_STRICT_OBJC_MSGSEND = YES;
				ENABLE_TESTABILITY = YES;
				GCC_C_LANGUAGE_STANDARD = gnu99;
				GCC_DYNAMIC_NO_PIC = NO;
				GCC_NO_COMMON_BLOCKS = YES;
				GCC_OPTIMIZATION_LEVEL = 0;
				GCC_PREPROCESSOR_DEFINITIONS = (
					"DEBUG=1",
					"$(inherited)",
				);
				GCC_WARN_64_TO_32_BIT_CONVERSION = YES;
				GCC_WARN_ABOUT_RETURN_TYPE = YES_ERROR;
				GCC_WARN_UNDECLARED_SELECTOR = YES;
				GCC_WARN_UNINITIALIZED_AUTOS = YES_AGGRESSIVE;
				GCC_WARN_UNUSED_FUNCTION = YES;
				GCC_WARN_UNUSED_VARIABLE = YES;
				IPHONEOS_DEPLOYMENT_TARGET = 10.3;
				MTL_ENABLE_DEBUG_INFO = YES;
				ONLY_ACTIVE_ARCH = YES;
				SDKROOT = iphoneos;
				SWIFT_ACTIVE_COMPILATION_CONDITIONS = DEBUG;
				SWIFT_OPTIMIZATION_LEVEL = "-Onone";
				TARGETED_DEVICE_FAMILY = "1,2";
			};
			name = Debug;
		};
		CB830A0F1F8CB0CC00647747 /* Release */ = {
			isa = XCBuildConfiguration;
			buildSettings = {
				ALWAYS_SEARCH_USER_PATHS = NO;
				CLANG_ANALYZER_NONNULL = YES;
				CLANG_ANALYZER_NUMBER_OBJECT_CONVERSION = YES_AGGRESSIVE;
				CLANG_CXX_LANGUAGE_STANDARD = "gnu++0x";
				CLANG_CXX_LIBRARY = "libc++";
				CLANG_ENABLE_MODULES = YES;
				CLANG_ENABLE_OBJC_ARC = YES;
				CLANG_WARN_BOOL_CONVERSION = YES;
				CLANG_WARN_CONSTANT_CONVERSION = YES;
				CLANG_WARN_DIRECT_OBJC_ISA_USAGE = YES_ERROR;
				CLANG_WARN_DOCUMENTATION_COMMENTS = YES;
				CLANG_WARN_EMPTY_BODY = YES;
				CLANG_WARN_ENUM_CONVERSION = YES;
				CLANG_WARN_INFINITE_RECURSION = YES;
				CLANG_WARN_INT_CONVERSION = YES;
				CLANG_WARN_OBJC_ROOT_CLASS = YES_ERROR;
				CLANG_WARN_SUSPICIOUS_MOVE = YES;
				CLANG_WARN_UNREACHABLE_CODE = YES;
				CLANG_WARN__DUPLICATE_METHOD_MATCH = YES;
				"CODE_SIGN_IDENTITY[sdk=iphoneos*]" = "iPhone Developer";
				COPY_PHASE_STRIP = NO;
				DEBUG_INFORMATION_FORMAT = "dwarf-with-dsym";
				ENABLE_NS_ASSERTIONS = NO;
				ENABLE_STRICT_OBJC_MSGSEND = YES;
				GCC_C_LANGUAGE_STANDARD = gnu99;
				GCC_NO_COMMON_BLOCKS = YES;
				GCC_WARN_64_TO_32_BIT_CONVERSION = YES;
				GCC_WARN_ABOUT_RETURN_TYPE = YES_ERROR;
				GCC_WARN_UNDECLARED_SELECTOR = YES;
				GCC_WARN_UNINITIALIZED_AUTOS = YES_AGGRESSIVE;
				GCC_WARN_UNUSED_FUNCTION = YES;
				GCC_WARN_UNUSED_VARIABLE = YES;
				IPHONEOS_DEPLOYMENT_TARGET = 10.3;
				MTL_ENABLE_DEBUG_INFO = NO;
				SDKROOT = iphoneos;
				SWIFT_OPTIMIZATION_LEVEL = "-Owholemodule";
				TARGETED_DEVICE_FAMILY = "1,2";
				VALIDATE_PRODUCT = YES;
			};
			name = Release;
		};
		CB830A111F8CB0CC00647747 /* Debug */ = {
			isa = XCBuildConfiguration;
			buildSettings = {
				ASSETCATALOG_COMPILER_APPICON_NAME = AppIcon;
				INFOPLIST_FILE = "艾特处理/Info.plist";
				LD_RUNPATH_SEARCH_PATHS = "$(inherited) @executable_path/Frameworks";
				PRODUCT_BUNDLE_IDENTIFIER = "com.25344003-qq.----";
				PRODUCT_NAME = "$(TARGET_NAME)";
				SWIFT_VERSION = 3.0;
			};
			name = Debug;
		};
		CB830A121F8CB0CC00647747 /* Release */ = {
			isa = XCBuildConfiguration;
			buildSettings = {
				ASSETCATALOG_COMPILER_APPICON_NAME = AppIcon;
				INFOPLIST_FILE = "艾特处理/Info.plist";
				LD_RUNPATH_SEARCH_PATHS = "$(inherited) @executable_path/Frameworks";
				PRODUCT_BUNDLE_IDENTIFIER = "com.25344003-qq.----";
				PRODUCT_NAME = "$(TARGET_NAME)";
				SWIFT_VERSION = 3.0;
			};
			name = Release;
		};
/* End XCBuildConfiguration section */

/* Begin XCConfigurationList section */
		CB8309F91F8CB0CC00647747 /* Build configuration list for PBXProject "艾特处理" */ = {
			isa = XCConfigurationList;
			buildConfigurations = (
				CB830A0E1F8CB0CC00647747 /* Debug */,
				CB830A0F1F8CB0CC00647747 /* Release */,
			);
			defaultConfigurationIsVisible = 0;
			defaultConfigurationName = Release;
		};
		CB830A101F8CB0CC00647747 /* Build configuration list for PBXNativeTarget "艾特处理" */ = {
			isa = XCConfigurationList;
			buildConfigurations = (
				CB830A111F8CB0CC00647747 /* Debug */,
				CB830A121F8CB0CC00647747 /* Release */,
			);
			defaultConfigurationIsVisible = 0;
		};
/* End XCConfigurationList section */
	};
	rootObject = CB8309F61F8CB0CC00647747 /* Project object */;
}
